
Microsoft Visual Studio Solution File, Format Version 12.00
# Visual Studio Version 17
VisualStudioVersion = 17.12.35514.174 d17.12
MinimumVisualStudioVersion = 10.0.40219.1
Project("{FAE04EC0-301F-11D3-BF4B-00C04F79EFBC}") = "MiAppMercadoLibre", "MiAppMercadoLibre\MiAppMercadoLibre.csproj", "{4A17FA15-495D-4028-96A2-2DFDFA6276A9}"
EndProject
Project("{2150E333-8FDC-42A3-9474-1A3956D46DE8}") = "imagenes", "imagenes", "{7CECE2A9-4274-41AC-81EC-E14BD53E6201}"
	ProjectSection(SolutionItems) = preProject
		objetos = objetos
	EndProjectSection
EndProject
Global
	GlobalSection(SolutionConfigurationPlatforms) = preSolution
		Debug|Any CPU = Debug|Any CPU
		Release|Any CPU = Release|Any CPU
	EndGlobalSection
	GlobalSection(ProjectConfigurationPlatforms) = postSolution
		{4A17FA15-495D-4028-96A2-2DFDFA6276A9}.Debug|Any CPU.ActiveCfg = Debug|Any CPU
		{4A17FA15-495D-4028-96A2-2DFDFA6276A9}.Debug|Any CPU.Build.0 = Debug|Any CPU
		{4A17FA15-495D-4028-96A2-2DFDFA6276A9}.Debug|Any CPU.Deploy.0 = Debug|Any CPU
		{4A17FA15-495D-4028-96A2-2DFDFA6276A9}.Release|Any CPU.ActiveCfg = Release|Any CPU
		{4A17FA15-495D-4028-96A2-2DFDFA6276A9}.Release|Any CPU.Build.0 = Release|Any CPU
	EndGlobalSection
	GlobalSection(SolutionProperties) = preSolution
		HideSolutionNode = FALSE
	EndGlobalSection
EndGlobal
